# This file was autogenerated by Stack.
# You should not edit this file by hand.
# For more information, please see the documentation at:
#   https://docs.haskellstack.org/en/stable/lock_files

packages:
- completed:
    hackage: purebred-email-0.6@sha256:d663bdf2c606081ad69b30615f90db4d68c58a8313f30f8e766f8216f6ea0825,4399
    pantry-tree:
      sha256: f3afdc03dad83bd37c66b132b4c13cded13cabb8f34ab7a998059526113b719b
      size: 2602
  original:
    hackage: purebred-email-0.6@sha256:d663bdf2c606081ad69b30615f90db4d68c58a8313f30f8e766f8216f6ea0825,4399
- completed:
    hackage: script-monad-0.0.4@sha256:a8695fd05e1da772f753eff5b8e032e55e4448c2b084a82a766f96238fc83f2a,2357
    pantry-tree:
      sha256: 84bb54cc403a95f9b4e6a80d3ea4feabb571bacc6e505c74dd2fe99ece72e3f9
      size: 1264
  original:
    hackage: script-monad-0.0.4@sha256:a8695fd05e1da772f753eff5b8e032e55e4448c2b084a82a766f96238fc83f2a,2357
- completed:
    hackage: taggy-0.2.1@sha256:7bc55ddba178971dc6052163597f0445a0a2b5b0ca0e84ce651d53d722e3c265,4662
    pantry-tree:
      sha256: 0b3140ad52833bf8498da1bdc9745105128e109515a6102f87884c2d43b6f18d
      size: 1667
  original:
    hackage: taggy-0.2.1@sha256:7bc55ddba178971dc6052163597f0445a0a2b5b0ca0e84ce651d53d722e3c265,4662
- completed:
    hackage: taggy-lens-0.1.2@sha256:091ca81d02bd3d7fb493dce0148e1a38f25eb178a1ebd751043a23239e5e3265,3009
    pantry-tree:
      sha256: 332730a4a17634a4d0948a68811e52bb9d5c61065181aed47aec6abd88c75871
      size: 323
  original:
    hackage: taggy-lens-0.1.2@sha256:091ca81d02bd3d7fb493dce0148e1a38f25eb178a1ebd751043a23239e5e3265,3009
- completed:
    hackage: webdriver-w3c-0.0.3@sha256:7bfdd051a934edebfdbc0c7a205e288e5ab85a81f3bed59b0cc5247c473eb191,4439
    pantry-tree:
      sha256: 912dfaf3c6821659d22859b23a5e633fd0fcafb1190e4f4942543ae85168c693
      size: 2217
  original:
    hackage: webdriver-w3c-0.0.3@sha256:7bfdd051a934edebfdbc0c7a205e288e5ab85a81f3bed59b0cc5247c473eb191,4439
snapshots:
- completed:
    sha256: 3770dfd79f5aed67acdcc65c4e7730adddffe6dba79ea723cfb0918356fc0f94
    size: 648660
    url: https://raw.githubusercontent.com/commercialhaskell/stackage-snapshots/master/lts/20/4.yaml
  original: lts-20.4
